{
  "name": "@imazzine/mln.io",
  "version": "0.0.0-alpha.0",
  "lockfileVersion": 2,
  "requires": true,
  "packages": {
    "": {
      "name": "@imazzine/mln.io",
      "version": "0.0.0-alpha.0",
      "license": "Apache-2.0",
      "dependencies": {
        "uuid": "^9.0.0",
        "uWebSockets.js": "https://github.com/uNetworking/uWebSockets.js/archive/refs/tags/v20.20.0.tar.gz"
      }
    },
    "node_modules/uuid": {
      "version": "9.0.0",
      "resolved": "https://registry.npmjs.org/uuid/-/uuid-9.0.0.tgz",
      "integrity": "sha512-MXcSTerfPa4uqyzStbRoTgt5XIe3x5+42+q1sDuy3R5MDk66URdLMOZe5aPX/SQd+kuYAh0FdP/pO28IkQyTeg==",
      "bin": {
        "uuid": "dist/bin/uuid"
      }
    },
    "node_modules/uWebSockets.js": {
      "version": "20.20.0",
      "resolved": "https://github.com/uNetworking/uWebSockets.js/archive/refs/tags/v20.20.0.tar.gz",
      "integrity": "sha512-pVR+CwcxQ6p+TxtyrPPzooM4ZISK0Uz7HjkFtirfJEt5Azq5/HPoetbdo+DYqNwBw1BHsobJkNb264lrodgpiQ=="
    }
  },
  "dependencies": {
    "uuid": {
      "version": "9.0.0",
      "resolved": "https://registry.npmjs.org/uuid/-/uuid-9.0.0.tgz",
      "integrity": "sha512-MXcSTerfPa4uqyzStbRoTgt5XIe3x5+42+q1sDuy3R5MDk66URdLMOZe5aPX/SQd+kuYAh0FdP/pO28IkQyTeg=="
    },
    "uWebSockets.js": {
      "version": "https://github.com/uNetworking/uWebSockets.js/archive/refs/tags/v20.20.0.tar.gz",
      "integrity": "sha512-pVR+CwcxQ6p+TxtyrPPzooM4ZISK0Uz7HjkFtirfJEt5Azq5/HPoetbdo+DYqNwBw1BHsobJkNb264lrodgpiQ=="
    }
  }
}
