{
  "name": "@imazzine/mln.io",
  "version": "0.0.0-alpha.0",
  "lockfileVersion": 2,
  "requires": true,
  "packages": {
    "": {
      "name": "@imazzine/mln.io",
      "version": "0.0.0-alpha.0",
      "license": "Apache-2.0",
      "dependencies": {
        "@markwylde/liferaft": "^1.3.4",
        "dotenv": "^16.0.3",
        "jose": "^4.13.1",
        "leveldown": "^6.1.1",
        "levelup": "^5.1.1",
        "uuid": "^9.0.0",
        "uWebSockets.js": "https://github.com/uNetworking/uWebSockets.js/archive/refs/tags/v20.20.0.tar.gz"
      }
    },
    "node_modules/@markwylde/liferaft": {
      "version": "1.3.4",
      "resolved": "https://registry.npmjs.org/@markwylde/liferaft/-/liferaft-1.3.4.tgz",
      "integrity": "sha512-ub5ibeLuqdxYM5NBFhN60vY4p5piJaujMYvag7NiwcOBcV5do5JDYJmP4XeRYQh18diEtdF2YiVjJ26y8N6hXg==",
      "dependencies": {
        "emits": "^3.0.0",
        "encoding-down": "^7.1.0",
        "eventemitter3": "^5.0.0",
        "extendible": "^0.1.1",
        "immediate": "^3.3.0",
        "leveldown": "^6.1.1",
        "levelup": "^5.1.1",
        "millisecond": "^0.1.2",
        "modification": "^1.0.0",
        "one-time": "^1.0.0",
        "promise-queue": "^2.2.5",
        "tick-tock": "^1.0.0"
      }
    },
    "node_modules/abstract-leveldown": {
      "version": "7.2.0",
      "resolved": "https://registry.npmjs.org/abstract-leveldown/-/abstract-leveldown-7.2.0.tgz",
      "integrity": "sha512-DnhQwcFEaYsvYDnACLZhMmCWd3rkOeEvglpa4q5i/5Jlm3UIsWaxVzuXvDLFCSCWRO3yy2/+V/G7FusFgejnfQ==",
      "dependencies": {
        "buffer": "^6.0.3",
        "catering": "^2.0.0",
        "is-buffer": "^2.0.5",
        "level-concat-iterator": "^3.0.0",
        "level-supports": "^2.0.1",
        "queue-microtask": "^1.2.3"
      },
      "engines": {
        "node": ">=10"
      }
    },
    "node_modules/base64-js": {
      "version": "1.5.1",
      "resolved": "https://registry.npmjs.org/base64-js/-/base64-js-1.5.1.tgz",
      "integrity": "sha512-AKpaYlHn8t4SVbOHCy+b5+KKgvR4vrsD8vbvrbiQJps7fKDTkjkDry6ji0rUJjC0kzbNePLwzxq8iypo41qeWA==",
      "funding": [
        {
          "type": "github",
          "url": "https://github.com/sponsors/feross"
        },
        {
          "type": "patreon",
          "url": "https://www.patreon.com/feross"
        },
        {
          "type": "consulting",
          "url": "https://feross.org/support"
        }
      ]
    },
    "node_modules/buffer": {
      "version": "6.0.3",
      "resolved": "https://registry.npmjs.org/buffer/-/buffer-6.0.3.tgz",
      "integrity": "sha512-FTiCpNxtwiZZHEZbcbTIcZjERVICn9yq/pDFkTl95/AxzD1naBctN7YO68riM/gLSDY7sdrMby8hofADYuuqOA==",
      "funding": [
        {
          "type": "github",
          "url": "https://github.com/sponsors/feross"
        },
        {
          "type": "patreon",
          "url": "https://www.patreon.com/feross"
        },
        {
          "type": "consulting",
          "url": "https://feross.org/support"
        }
      ],
      "dependencies": {
        "base64-js": "^1.3.1",
        "ieee754": "^1.2.1"
      }
    },
    "node_modules/catering": {
      "version": "2.1.1",
      "resolved": "https://registry.npmjs.org/catering/-/catering-2.1.1.tgz",
      "integrity": "sha512-K7Qy8O9p76sL3/3m7/zLKbRkyOlSZAgzEaLhyj2mXS8PsCud2Eo4hAb8aLtZqHh0QGqLcb9dlJSu6lHRVENm1w==",
      "engines": {
        "node": ">=6"
      }
    },
    "node_modules/deferred-leveldown": {
      "version": "7.0.0",
      "resolved": "https://registry.npmjs.org/deferred-leveldown/-/deferred-leveldown-7.0.0.tgz",
      "integrity": "sha512-QKN8NtuS3BC6m0B8vAnBls44tX1WXAFATUsJlruyAYbZpysWV3siH6o/i3g9DCHauzodksO60bdj5NazNbjCmg==",
      "dependencies": {
        "abstract-leveldown": "^7.2.0",
        "inherits": "^2.0.3"
      },
      "engines": {
        "node": ">=10"
      }
    },
    "node_modules/dotenv": {
      "version": "16.0.3",
      "resolved": "https://registry.npmjs.org/dotenv/-/dotenv-16.0.3.tgz",
      "integrity": "sha512-7GO6HghkA5fYG9TYnNxi14/7K9f5occMlp3zXAuSxn7CKCxt9xbNWG7yF8hTCSUchlfWSe3uLmlPfigevRItzQ==",
      "engines": {
        "node": ">=12"
      }
    },
    "node_modules/emits": {
      "version": "3.0.0",
      "resolved": "https://registry.npmjs.org/emits/-/emits-3.0.0.tgz",
      "integrity": "sha512-WJSCMaN/qjIkzWy5Ayu0MDENFltcu4zTPPnWqdFPOVBtsENVTN+A3d76G61yuiVALsMK+76MejdPrwmccv/wag=="
    },
    "node_modules/encoding-down": {
      "version": "7.1.0",
      "resolved": "https://registry.npmjs.org/encoding-down/-/encoding-down-7.1.0.tgz",
      "integrity": "sha512-ky47X5jP84ryk5EQmvedQzELwVJPjCgXDQZGeb9F6r4PdChByCGHTBrVcF3h8ynKVJ1wVbkxTsDC8zBROPypgQ==",
      "dependencies": {
        "abstract-leveldown": "^7.2.0",
        "inherits": "^2.0.3",
        "level-codec": "^10.0.0",
        "level-errors": "^3.0.0"
      },
      "engines": {
        "node": ">=10"
      }
    },
    "node_modules/eventemitter3": {
      "version": "5.0.0",
      "resolved": "https://registry.npmjs.org/eventemitter3/-/eventemitter3-5.0.0.tgz",
      "integrity": "sha512-riuVbElZZNXLeLEoprfNYoDSwTBRR44X3mnhdI1YcnENpWTCsTTVZ2zFuqQcpoyqPQIUXdiPEU0ECAq0KQRaHg=="
    },
    "node_modules/extendible": {
      "version": "0.1.1",
      "resolved": "https://registry.npmjs.org/extendible/-/extendible-0.1.1.tgz",
      "integrity": "sha512-AglckQA0TJV8/ZmhQcNmaaFcFFPXFIoZbfuoQOlGDK7Jh/roWotYzJ7ik1FBBCHBr8n7CgTR8lXXPAN8Rfb7rw=="
    },
    "node_modules/fn.name": {
      "version": "1.1.0",
      "resolved": "https://registry.npmjs.org/fn.name/-/fn.name-1.1.0.tgz",
      "integrity": "sha512-GRnmB5gPyJpAhTQdSZTSp9uaPSvl09KoYcMQtsB9rQoOmzs9dH6ffeccH+Z+cv6P68Hu5bC6JjRh4Ah/mHSNRw=="
    },
    "node_modules/ieee754": {
      "version": "1.2.1",
      "resolved": "https://registry.npmjs.org/ieee754/-/ieee754-1.2.1.tgz",
      "integrity": "sha512-dcyqhDvX1C46lXZcVqCpK+FtMRQVdIMN6/Df5js2zouUsqG7I6sFxitIC+7KYK29KdXOLHdu9zL4sFnoVQnqaA==",
      "funding": [
        {
          "type": "github",
          "url": "https://github.com/sponsors/feross"
        },
        {
          "type": "patreon",
          "url": "https://www.patreon.com/feross"
        },
        {
          "type": "consulting",
          "url": "https://feross.org/support"
        }
      ]
    },
    "node_modules/immediate": {
      "version": "3.3.0",
      "resolved": "https://registry.npmjs.org/immediate/-/immediate-3.3.0.tgz",
      "integrity": "sha512-HR7EVodfFUdQCTIeySw+WDRFJlPcLOJbXfwwZ7Oom6tjsvZ3bOkCDJHehQC3nxJrv7+f9XecwazynjU8e4Vw3Q=="
    },
    "node_modules/inherits": {
      "version": "2.0.4",
      "resolved": "https://registry.npmjs.org/inherits/-/inherits-2.0.4.tgz",
      "integrity": "sha512-k/vGaX4/Yla3WzyMCvTQOXYeIHvqOKtnqBduzTHpzpQZzAskKMhZ2K+EnBiSM9zGSoIFeMpXKxa4dYeZIQqewQ=="
    },
    "node_modules/is-buffer": {
      "version": "2.0.5",
      "resolved": "https://registry.npmjs.org/is-buffer/-/is-buffer-2.0.5.tgz",
      "integrity": "sha512-i2R6zNFDwgEHJyQUtJEk0XFi1i0dPFn/oqjK3/vPCcDeJvW5NQ83V8QbicfF1SupOaB0h8ntgBC2YiE7dfyctQ==",
      "funding": [
        {
          "type": "github",
          "url": "https://github.com/sponsors/feross"
        },
        {
          "type": "patreon",
          "url": "https://www.patreon.com/feross"
        },
        {
          "type": "consulting",
          "url": "https://feross.org/support"
        }
      ],
      "engines": {
        "node": ">=4"
      }
    },
    "node_modules/jose": {
      "version": "4.13.1",
      "resolved": "https://registry.npmjs.org/jose/-/jose-4.13.1.tgz",
      "integrity": "sha512-MSJQC5vXco5Br38mzaQKiq9mwt7lwj2eXpgpRyQYNHYt2lq1PjkWa7DLXX0WVcQLE9HhMh3jPiufS7fhJf+CLQ==",
      "funding": {
        "url": "https://github.com/sponsors/panva"
      }
    },
    "node_modules/level-codec": {
      "version": "10.0.0",
      "resolved": "https://registry.npmjs.org/level-codec/-/level-codec-10.0.0.tgz",
      "integrity": "sha512-QW3VteVNAp6c/LuV6nDjg7XDXx9XHK4abmQarxZmlRSDyXYk20UdaJTSX6yzVvQ4i0JyWSB7jert0DsyD/kk6g==",
      "dependencies": {
        "buffer": "^6.0.3"
      },
      "engines": {
        "node": ">=10"
      }
    },
    "node_modules/level-concat-iterator": {
      "version": "3.1.0",
      "resolved": "https://registry.npmjs.org/level-concat-iterator/-/level-concat-iterator-3.1.0.tgz",
      "integrity": "sha512-BWRCMHBxbIqPxJ8vHOvKUsaO0v1sLYZtjN3K2iZJsRBYtp+ONsY6Jfi6hy9K3+zolgQRryhIn2NRZjZnWJ9NmQ==",
      "dependencies": {
        "catering": "^2.1.0"
      },
      "engines": {
        "node": ">=10"
      }
    },
    "node_modules/level-errors": {
      "version": "3.0.1",
      "resolved": "https://registry.npmjs.org/level-errors/-/level-errors-3.0.1.tgz",
      "integrity": "sha512-tqTL2DxzPDzpwl0iV5+rBCv65HWbHp6eutluHNcVIftKZlQN//b6GEnZDM2CvGZvzGYMwyPtYppYnydBQd2SMQ==",
      "engines": {
        "node": ">=10"
      }
    },
    "node_modules/level-iterator-stream": {
      "version": "5.0.0",
      "resolved": "https://registry.npmjs.org/level-iterator-stream/-/level-iterator-stream-5.0.0.tgz",
      "integrity": "sha512-wnb1+o+CVFUDdiSMR/ZymE2prPs3cjVLlXuDeSq9Zb8o032XrabGEXcTCsBxprAtseO3qvFeGzh6406z9sOTRA==",
      "dependencies": {
        "inherits": "^2.0.4",
        "readable-stream": "^3.4.0"
      },
      "engines": {
        "node": ">=10"
      }
    },
    "node_modules/level-supports": {
      "version": "2.1.0",
      "resolved": "https://registry.npmjs.org/level-supports/-/level-supports-2.1.0.tgz",
      "integrity": "sha512-E486g1NCjW5cF78KGPrMDRBYzPuueMZ6VBXHT6gC7A8UYWGiM14fGgp+s/L1oFfDWSPV/+SFkYCmZ0SiESkRKA==",
      "engines": {
        "node": ">=10"
      }
    },
    "node_modules/leveldown": {
      "version": "6.1.1",
      "resolved": "https://registry.npmjs.org/leveldown/-/leveldown-6.1.1.tgz",
      "integrity": "sha512-88c+E+Eizn4CkQOBHwqlCJaTNEjGpaEIikn1S+cINc5E9HEvJ77bqY4JY/HxT5u0caWqsc3P3DcFIKBI1vHt+A==",
      "hasInstallScript": true,
      "dependencies": {
        "abstract-leveldown": "^7.2.0",
        "napi-macros": "~2.0.0",
        "node-gyp-build": "^4.3.0"
      },
      "engines": {
        "node": ">=10.12.0"
      }
    },
    "node_modules/levelup": {
      "version": "5.1.1",
      "resolved": "https://registry.npmjs.org/levelup/-/levelup-5.1.1.tgz",
      "integrity": "sha512-0mFCcHcEebOwsQuk00WJwjLI6oCjbBuEYdh/RaRqhjnyVlzqf41T1NnDtCedumZ56qyIh8euLFDqV1KfzTAVhg==",
      "dependencies": {
        "catering": "^2.0.0",
        "deferred-leveldown": "^7.0.0",
        "level-errors": "^3.0.1",
        "level-iterator-stream": "^5.0.0",
        "level-supports": "^2.0.1",
        "queue-microtask": "^1.2.3"
      },
      "engines": {
        "node": ">=10"
      }
    },
    "node_modules/millisecond": {
      "version": "0.1.2",
      "resolved": "https://registry.npmjs.org/millisecond/-/millisecond-0.1.2.tgz",
      "integrity": "sha512-BJ8XtxY+woL+5TkP6uS6XvOArm0JVrX2otkgtWZseHpIax0oOOPW3cnwhOjRqbEJg7YRO/BDF7fO/PTWNT3T9Q=="
    },
    "node_modules/modification": {
      "version": "1.0.0",
      "resolved": "https://registry.npmjs.org/modification/-/modification-1.0.0.tgz",
      "integrity": "sha512-XgkkLis2FFV9uS+bqzvkD616dhEzaQKc0lNts8vEYe4RjHq84sl2uEtwCWD61DOKKjM4NRKrS+8exiYGoG2BkA=="
    },
    "node_modules/napi-macros": {
      "version": "2.0.0",
      "resolved": "https://registry.npmjs.org/napi-macros/-/napi-macros-2.0.0.tgz",
      "integrity": "sha512-A0xLykHtARfueITVDernsAWdtIMbOJgKgcluwENp3AlsKN/PloyO10HtmoqnFAQAcxPkgZN7wdfPfEd0zNGxbg=="
    },
    "node_modules/node-gyp-build": {
      "version": "4.6.0",
      "resolved": "https://registry.npmjs.org/node-gyp-build/-/node-gyp-build-4.6.0.tgz",
      "integrity": "sha512-NTZVKn9IylLwUzaKjkas1e4u2DLNcV4rdYagA4PWdPwW87Bi7z+BznyKSRwS/761tV/lzCGXplWsiaMjLqP2zQ==",
      "bin": {
        "node-gyp-build": "bin.js",
        "node-gyp-build-optional": "optional.js",
        "node-gyp-build-test": "build-test.js"
      }
    },
    "node_modules/one-time": {
      "version": "1.0.0",
      "resolved": "https://registry.npmjs.org/one-time/-/one-time-1.0.0.tgz",
      "integrity": "sha512-5DXOiRKwuSEcQ/l0kGCF6Q3jcADFv5tSmRaJck/OqkVFcOzutB134KRSfF0xDrL39MNnqxbHBbUUcjZIhTgb2g==",
      "dependencies": {
        "fn.name": "1.x.x"
      }
    },
    "node_modules/promise-queue": {
      "version": "2.2.5",
      "resolved": "https://registry.npmjs.org/promise-queue/-/promise-queue-2.2.5.tgz",
      "integrity": "sha512-p/iXrPSVfnqPft24ZdNNLECw/UrtLTpT3jpAAMzl/o5/rDsGCPo3/CQS2611flL6LkoEJ3oQZw7C8Q80ZISXRQ==",
      "engines": {
        "node": ">= 0.8.0"
      }
    },
    "node_modules/queue-microtask": {
      "version": "1.2.3",
      "resolved": "https://registry.npmjs.org/queue-microtask/-/queue-microtask-1.2.3.tgz",
      "integrity": "sha512-NuaNSa6flKT5JaSYQzJok04JzTL1CA6aGhv5rfLW3PgqA+M2ChpZQnAC8h8i4ZFkBS8X5RqkDBHA7r4hej3K9A==",
      "funding": [
        {
          "type": "github",
          "url": "https://github.com/sponsors/feross"
        },
        {
          "type": "patreon",
          "url": "https://www.patreon.com/feross"
        },
        {
          "type": "consulting",
          "url": "https://feross.org/support"
        }
      ]
    },
    "node_modules/readable-stream": {
      "version": "3.6.2",
      "resolved": "https://registry.npmjs.org/readable-stream/-/readable-stream-3.6.2.tgz",
      "integrity": "sha512-9u/sniCrY3D5WdsERHzHE4G2YCXqoG5FTHUiCC4SIbr6XcLZBY05ya9EKjYek9O5xOAwjGq+1JdGBAS7Q9ScoA==",
      "dependencies": {
        "inherits": "^2.0.3",
        "string_decoder": "^1.1.1",
        "util-deprecate": "^1.0.1"
      },
      "engines": {
        "node": ">= 6"
      }
    },
    "node_modules/safe-buffer": {
      "version": "5.2.1",
      "resolved": "https://registry.npmjs.org/safe-buffer/-/safe-buffer-5.2.1.tgz",
      "integrity": "sha512-rp3So07KcdmmKbGvgaNxQSJr7bGVSVk5S9Eq1F+ppbRo70+YeaDxkw5Dd8NPN+GD6bjnYm2VuPuCXmpuYvmCXQ==",
      "funding": [
        {
          "type": "github",
          "url": "https://github.com/sponsors/feross"
        },
        {
          "type": "patreon",
          "url": "https://www.patreon.com/feross"
        },
        {
          "type": "consulting",
          "url": "https://feross.org/support"
        }
      ]
    },
    "node_modules/string_decoder": {
      "version": "1.3.0",
      "resolved": "https://registry.npmjs.org/string_decoder/-/string_decoder-1.3.0.tgz",
      "integrity": "sha512-hkRX8U1WjJFd8LsDJ2yQ/wWWxaopEsABU1XfkM8A+j0+85JAGppt16cr1Whg6KIbb4okU6Mql6BOj+uup/wKeA==",
      "dependencies": {
        "safe-buffer": "~5.2.0"
      }
    },
    "node_modules/tick-tock": {
      "version": "1.0.0",
      "resolved": "https://registry.npmjs.org/tick-tock/-/tick-tock-1.0.0.tgz",
      "integrity": "sha512-iEHn0C3TDBAnHEe6TPLZx7rs1W9e9rhBOsq2DiPALFrn/I1TvGdvGpEGESfd4n9DfP5/kbs51EVMA7i/efu4ZA==",
      "dependencies": {
        "millisecond": "0.1.x"
      }
    },
    "node_modules/util-deprecate": {
      "version": "1.0.2",
      "resolved": "https://registry.npmjs.org/util-deprecate/-/util-deprecate-1.0.2.tgz",
      "integrity": "sha512-EPD5q1uXyFxJpCrLnCc1nHnq3gOa6DZBocAIiI2TaSCA7VCJ1UJDMagCzIkXNsUYfD1daK//LTEQ8xiIbrHtcw=="
    },
    "node_modules/uuid": {
      "version": "9.0.0",
      "resolved": "https://registry.npmjs.org/uuid/-/uuid-9.0.0.tgz",
      "integrity": "sha512-MXcSTerfPa4uqyzStbRoTgt5XIe3x5+42+q1sDuy3R5MDk66URdLMOZe5aPX/SQd+kuYAh0FdP/pO28IkQyTeg==",
      "bin": {
        "uuid": "dist/bin/uuid"
      }
    },
    "node_modules/uWebSockets.js": {
      "version": "20.20.0",
      "resolved": "https://github.com/uNetworking/uWebSockets.js/archive/refs/tags/v20.20.0.tar.gz",
      "integrity": "sha512-pVR+CwcxQ6p+TxtyrPPzooM4ZISK0Uz7HjkFtirfJEt5Azq5/HPoetbdo+DYqNwBw1BHsobJkNb264lrodgpiQ=="
    }
  },
  "dependencies": {
    "@markwylde/liferaft": {
      "version": "1.3.4",
      "resolved": "https://registry.npmjs.org/@markwylde/liferaft/-/liferaft-1.3.4.tgz",
      "integrity": "sha512-ub5ibeLuqdxYM5NBFhN60vY4p5piJaujMYvag7NiwcOBcV5do5JDYJmP4XeRYQh18diEtdF2YiVjJ26y8N6hXg==",
      "requires": {
        "emits": "^3.0.0",
        "encoding-down": "^7.1.0",
        "eventemitter3": "^5.0.0",
        "extendible": "^0.1.1",
        "immediate": "^3.3.0",
        "leveldown": "^6.1.1",
        "levelup": "^5.1.1",
        "millisecond": "^0.1.2",
        "modification": "^1.0.0",
        "one-time": "^1.0.0",
        "promise-queue": "^2.2.5",
        "tick-tock": "^1.0.0"
      }
    },
    "abstract-leveldown": {
      "version": "7.2.0",
      "resolved": "https://registry.npmjs.org/abstract-leveldown/-/abstract-leveldown-7.2.0.tgz",
      "integrity": "sha512-DnhQwcFEaYsvYDnACLZhMmCWd3rkOeEvglpa4q5i/5Jlm3UIsWaxVzuXvDLFCSCWRO3yy2/+V/G7FusFgejnfQ==",
      "requires": {
        "buffer": "^6.0.3",
        "catering": "^2.0.0",
        "is-buffer": "^2.0.5",
        "level-concat-iterator": "^3.0.0",
        "level-supports": "^2.0.1",
        "queue-microtask": "^1.2.3"
      }
    },
    "base64-js": {
      "version": "1.5.1",
      "resolved": "https://registry.npmjs.org/base64-js/-/base64-js-1.5.1.tgz",
      "integrity": "sha512-AKpaYlHn8t4SVbOHCy+b5+KKgvR4vrsD8vbvrbiQJps7fKDTkjkDry6ji0rUJjC0kzbNePLwzxq8iypo41qeWA=="
    },
    "buffer": {
      "version": "6.0.3",
      "resolved": "https://registry.npmjs.org/buffer/-/buffer-6.0.3.tgz",
      "integrity": "sha512-FTiCpNxtwiZZHEZbcbTIcZjERVICn9yq/pDFkTl95/AxzD1naBctN7YO68riM/gLSDY7sdrMby8hofADYuuqOA==",
      "requires": {
        "base64-js": "^1.3.1",
        "ieee754": "^1.2.1"
      }
    },
    "catering": {
      "version": "2.1.1",
      "resolved": "https://registry.npmjs.org/catering/-/catering-2.1.1.tgz",
      "integrity": "sha512-K7Qy8O9p76sL3/3m7/zLKbRkyOlSZAgzEaLhyj2mXS8PsCud2Eo4hAb8aLtZqHh0QGqLcb9dlJSu6lHRVENm1w=="
    },
    "deferred-leveldown": {
      "version": "7.0.0",
      "resolved": "https://registry.npmjs.org/deferred-leveldown/-/deferred-leveldown-7.0.0.tgz",
      "integrity": "sha512-QKN8NtuS3BC6m0B8vAnBls44tX1WXAFATUsJlruyAYbZpysWV3siH6o/i3g9DCHauzodksO60bdj5NazNbjCmg==",
      "requires": {
        "abstract-leveldown": "^7.2.0",
        "inherits": "^2.0.3"
      }
    },
    "dotenv": {
      "version": "16.0.3",
      "resolved": "https://registry.npmjs.org/dotenv/-/dotenv-16.0.3.tgz",
      "integrity": "sha512-7GO6HghkA5fYG9TYnNxi14/7K9f5occMlp3zXAuSxn7CKCxt9xbNWG7yF8hTCSUchlfWSe3uLmlPfigevRItzQ=="
    },
    "emits": {
      "version": "3.0.0",
      "resolved": "https://registry.npmjs.org/emits/-/emits-3.0.0.tgz",
      "integrity": "sha512-WJSCMaN/qjIkzWy5Ayu0MDENFltcu4zTPPnWqdFPOVBtsENVTN+A3d76G61yuiVALsMK+76MejdPrwmccv/wag=="
    },
    "encoding-down": {
      "version": "7.1.0",
      "resolved": "https://registry.npmjs.org/encoding-down/-/encoding-down-7.1.0.tgz",
      "integrity": "sha512-ky47X5jP84ryk5EQmvedQzELwVJPjCgXDQZGeb9F6r4PdChByCGHTBrVcF3h8ynKVJ1wVbkxTsDC8zBROPypgQ==",
      "requires": {
        "abstract-leveldown": "^7.2.0",
        "inherits": "^2.0.3",
        "level-codec": "^10.0.0",
        "level-errors": "^3.0.0"
      }
    },
    "eventemitter3": {
      "version": "5.0.0",
      "resolved": "https://registry.npmjs.org/eventemitter3/-/eventemitter3-5.0.0.tgz",
      "integrity": "sha512-riuVbElZZNXLeLEoprfNYoDSwTBRR44X3mnhdI1YcnENpWTCsTTVZ2zFuqQcpoyqPQIUXdiPEU0ECAq0KQRaHg=="
    },
    "extendible": {
      "version": "0.1.1",
      "resolved": "https://registry.npmjs.org/extendible/-/extendible-0.1.1.tgz",
      "integrity": "sha512-AglckQA0TJV8/ZmhQcNmaaFcFFPXFIoZbfuoQOlGDK7Jh/roWotYzJ7ik1FBBCHBr8n7CgTR8lXXPAN8Rfb7rw=="
    },
    "fn.name": {
      "version": "1.1.0",
      "resolved": "https://registry.npmjs.org/fn.name/-/fn.name-1.1.0.tgz",
      "integrity": "sha512-GRnmB5gPyJpAhTQdSZTSp9uaPSvl09KoYcMQtsB9rQoOmzs9dH6ffeccH+Z+cv6P68Hu5bC6JjRh4Ah/mHSNRw=="
    },
    "ieee754": {
      "version": "1.2.1",
      "resolved": "https://registry.npmjs.org/ieee754/-/ieee754-1.2.1.tgz",
      "integrity": "sha512-dcyqhDvX1C46lXZcVqCpK+FtMRQVdIMN6/Df5js2zouUsqG7I6sFxitIC+7KYK29KdXOLHdu9zL4sFnoVQnqaA=="
    },
    "immediate": {
      "version": "3.3.0",
      "resolved": "https://registry.npmjs.org/immediate/-/immediate-3.3.0.tgz",
      "integrity": "sha512-HR7EVodfFUdQCTIeySw+WDRFJlPcLOJbXfwwZ7Oom6tjsvZ3bOkCDJHehQC3nxJrv7+f9XecwazynjU8e4Vw3Q=="
    },
    "inherits": {
      "version": "2.0.4",
      "resolved": "https://registry.npmjs.org/inherits/-/inherits-2.0.4.tgz",
      "integrity": "sha512-k/vGaX4/Yla3WzyMCvTQOXYeIHvqOKtnqBduzTHpzpQZzAskKMhZ2K+EnBiSM9zGSoIFeMpXKxa4dYeZIQqewQ=="
    },
    "is-buffer": {
      "version": "2.0.5",
      "resolved": "https://registry.npmjs.org/is-buffer/-/is-buffer-2.0.5.tgz",
      "integrity": "sha512-i2R6zNFDwgEHJyQUtJEk0XFi1i0dPFn/oqjK3/vPCcDeJvW5NQ83V8QbicfF1SupOaB0h8ntgBC2YiE7dfyctQ=="
    },
    "jose": {
      "version": "4.13.1",
      "resolved": "https://registry.npmjs.org/jose/-/jose-4.13.1.tgz",
      "integrity": "sha512-MSJQC5vXco5Br38mzaQKiq9mwt7lwj2eXpgpRyQYNHYt2lq1PjkWa7DLXX0WVcQLE9HhMh3jPiufS7fhJf+CLQ=="
    },
    "level-codec": {
      "version": "10.0.0",
      "resolved": "https://registry.npmjs.org/level-codec/-/level-codec-10.0.0.tgz",
      "integrity": "sha512-QW3VteVNAp6c/LuV6nDjg7XDXx9XHK4abmQarxZmlRSDyXYk20UdaJTSX6yzVvQ4i0JyWSB7jert0DsyD/kk6g==",
      "requires": {
        "buffer": "^6.0.3"
      }
    },
    "level-concat-iterator": {
      "version": "3.1.0",
      "resolved": "https://registry.npmjs.org/level-concat-iterator/-/level-concat-iterator-3.1.0.tgz",
      "integrity": "sha512-BWRCMHBxbIqPxJ8vHOvKUsaO0v1sLYZtjN3K2iZJsRBYtp+ONsY6Jfi6hy9K3+zolgQRryhIn2NRZjZnWJ9NmQ==",
      "requires": {
        "catering": "^2.1.0"
      }
    },
    "level-errors": {
      "version": "3.0.1",
      "resolved": "https://registry.npmjs.org/level-errors/-/level-errors-3.0.1.tgz",
      "integrity": "sha512-tqTL2DxzPDzpwl0iV5+rBCv65HWbHp6eutluHNcVIftKZlQN//b6GEnZDM2CvGZvzGYMwyPtYppYnydBQd2SMQ=="
    },
    "level-iterator-stream": {
      "version": "5.0.0",
      "resolved": "https://registry.npmjs.org/level-iterator-stream/-/level-iterator-stream-5.0.0.tgz",
      "integrity": "sha512-wnb1+o+CVFUDdiSMR/ZymE2prPs3cjVLlXuDeSq9Zb8o032XrabGEXcTCsBxprAtseO3qvFeGzh6406z9sOTRA==",
      "requires": {
        "inherits": "^2.0.4",
        "readable-stream": "^3.4.0"
      }
    },
    "level-supports": {
      "version": "2.1.0",
      "resolved": "https://registry.npmjs.org/level-supports/-/level-supports-2.1.0.tgz",
      "integrity": "sha512-E486g1NCjW5cF78KGPrMDRBYzPuueMZ6VBXHT6gC7A8UYWGiM14fGgp+s/L1oFfDWSPV/+SFkYCmZ0SiESkRKA=="
    },
    "leveldown": {
      "version": "6.1.1",
      "resolved": "https://registry.npmjs.org/leveldown/-/leveldown-6.1.1.tgz",
      "integrity": "sha512-88c+E+Eizn4CkQOBHwqlCJaTNEjGpaEIikn1S+cINc5E9HEvJ77bqY4JY/HxT5u0caWqsc3P3DcFIKBI1vHt+A==",
      "requires": {
        "abstract-leveldown": "^7.2.0",
        "napi-macros": "~2.0.0",
        "node-gyp-build": "^4.3.0"
      }
    },
    "levelup": {
      "version": "5.1.1",
      "resolved": "https://registry.npmjs.org/levelup/-/levelup-5.1.1.tgz",
      "integrity": "sha512-0mFCcHcEebOwsQuk00WJwjLI6oCjbBuEYdh/RaRqhjnyVlzqf41T1NnDtCedumZ56qyIh8euLFDqV1KfzTAVhg==",
      "requires": {
        "catering": "^2.0.0",
        "deferred-leveldown": "^7.0.0",
        "level-errors": "^3.0.1",
        "level-iterator-stream": "^5.0.0",
        "level-supports": "^2.0.1",
        "queue-microtask": "^1.2.3"
      }
    },
    "millisecond": {
      "version": "0.1.2",
      "resolved": "https://registry.npmjs.org/millisecond/-/millisecond-0.1.2.tgz",
      "integrity": "sha512-BJ8XtxY+woL+5TkP6uS6XvOArm0JVrX2otkgtWZseHpIax0oOOPW3cnwhOjRqbEJg7YRO/BDF7fO/PTWNT3T9Q=="
    },
    "modification": {
      "version": "1.0.0",
      "resolved": "https://registry.npmjs.org/modification/-/modification-1.0.0.tgz",
      "integrity": "sha512-XgkkLis2FFV9uS+bqzvkD616dhEzaQKc0lNts8vEYe4RjHq84sl2uEtwCWD61DOKKjM4NRKrS+8exiYGoG2BkA=="
    },
    "napi-macros": {
      "version": "2.0.0",
      "resolved": "https://registry.npmjs.org/napi-macros/-/napi-macros-2.0.0.tgz",
      "integrity": "sha512-A0xLykHtARfueITVDernsAWdtIMbOJgKgcluwENp3AlsKN/PloyO10HtmoqnFAQAcxPkgZN7wdfPfEd0zNGxbg=="
    },
    "node-gyp-build": {
      "version": "4.6.0",
      "resolved": "https://registry.npmjs.org/node-gyp-build/-/node-gyp-build-4.6.0.tgz",
      "integrity": "sha512-NTZVKn9IylLwUzaKjkas1e4u2DLNcV4rdYagA4PWdPwW87Bi7z+BznyKSRwS/761tV/lzCGXplWsiaMjLqP2zQ=="
    },
    "one-time": {
      "version": "1.0.0",
      "resolved": "https://registry.npmjs.org/one-time/-/one-time-1.0.0.tgz",
      "integrity": "sha512-5DXOiRKwuSEcQ/l0kGCF6Q3jcADFv5tSmRaJck/OqkVFcOzutB134KRSfF0xDrL39MNnqxbHBbUUcjZIhTgb2g==",
      "requires": {
        "fn.name": "1.x.x"
      }
    },
    "promise-queue": {
      "version": "2.2.5",
      "resolved": "https://registry.npmjs.org/promise-queue/-/promise-queue-2.2.5.tgz",
      "integrity": "sha512-p/iXrPSVfnqPft24ZdNNLECw/UrtLTpT3jpAAMzl/o5/rDsGCPo3/CQS2611flL6LkoEJ3oQZw7C8Q80ZISXRQ=="
    },
    "queue-microtask": {
      "version": "1.2.3",
      "resolved": "https://registry.npmjs.org/queue-microtask/-/queue-microtask-1.2.3.tgz",
      "integrity": "sha512-NuaNSa6flKT5JaSYQzJok04JzTL1CA6aGhv5rfLW3PgqA+M2ChpZQnAC8h8i4ZFkBS8X5RqkDBHA7r4hej3K9A=="
    },
    "readable-stream": {
      "version": "3.6.2",
      "resolved": "https://registry.npmjs.org/readable-stream/-/readable-stream-3.6.2.tgz",
      "integrity": "sha512-9u/sniCrY3D5WdsERHzHE4G2YCXqoG5FTHUiCC4SIbr6XcLZBY05ya9EKjYek9O5xOAwjGq+1JdGBAS7Q9ScoA==",
      "requires": {
        "inherits": "^2.0.3",
        "string_decoder": "^1.1.1",
        "util-deprecate": "^1.0.1"
      }
    },
    "safe-buffer": {
      "version": "5.2.1",
      "resolved": "https://registry.npmjs.org/safe-buffer/-/safe-buffer-5.2.1.tgz",
      "integrity": "sha512-rp3So07KcdmmKbGvgaNxQSJr7bGVSVk5S9Eq1F+ppbRo70+YeaDxkw5Dd8NPN+GD6bjnYm2VuPuCXmpuYvmCXQ=="
    },
    "string_decoder": {
      "version": "1.3.0",
      "resolved": "https://registry.npmjs.org/string_decoder/-/string_decoder-1.3.0.tgz",
      "integrity": "sha512-hkRX8U1WjJFd8LsDJ2yQ/wWWxaopEsABU1XfkM8A+j0+85JAGppt16cr1Whg6KIbb4okU6Mql6BOj+uup/wKeA==",
      "requires": {
        "safe-buffer": "~5.2.0"
      }
    },
    "tick-tock": {
      "version": "1.0.0",
      "resolved": "https://registry.npmjs.org/tick-tock/-/tick-tock-1.0.0.tgz",
      "integrity": "sha512-iEHn0C3TDBAnHEe6TPLZx7rs1W9e9rhBOsq2DiPALFrn/I1TvGdvGpEGESfd4n9DfP5/kbs51EVMA7i/efu4ZA==",
      "requires": {
        "millisecond": "0.1.x"
      }
    },
    "util-deprecate": {
      "version": "1.0.2",
      "resolved": "https://registry.npmjs.org/util-deprecate/-/util-deprecate-1.0.2.tgz",
      "integrity": "sha512-EPD5q1uXyFxJpCrLnCc1nHnq3gOa6DZBocAIiI2TaSCA7VCJ1UJDMagCzIkXNsUYfD1daK//LTEQ8xiIbrHtcw=="
    },
    "uuid": {
      "version": "9.0.0",
      "resolved": "https://registry.npmjs.org/uuid/-/uuid-9.0.0.tgz",
      "integrity": "sha512-MXcSTerfPa4uqyzStbRoTgt5XIe3x5+42+q1sDuy3R5MDk66URdLMOZe5aPX/SQd+kuYAh0FdP/pO28IkQyTeg=="
    },
    "uWebSockets.js": {
      "version": "https://github.com/uNetworking/uWebSockets.js/archive/refs/tags/v20.20.0.tar.gz",
      "integrity": "sha512-pVR+CwcxQ6p+TxtyrPPzooM4ZISK0Uz7HjkFtirfJEt5Azq5/HPoetbdo+DYqNwBw1BHsobJkNb264lrodgpiQ=="
    }
  }
}
